
Microsoft Visual Studio Solution File, Format Version 12.00
# Visual Studio Version 17
VisualStudioVersion = 17.10.35013.160
MinimumVisualStudioVersion = 10.0.40219.1
Project("{FAE04EC0-301F-11D3-BF4B-00C04F79EFBC}") = "FIT5032_MyCodeSnippet", "FIT5032_MyCodeSnippet\FIT5032_MyCodeSnippet.csproj", "{BC76FDFF-A14F-458E-8929-05453478D202}"
EndProject
Project("{FAE04EC0-301F-11D3-BF4B-00C04F79EFBC}") = "FIT5032_MyCodeSnippet.Tests", "FIT5032_MyCodeSnippet.Tests\FIT5032_MyCodeSnippet.Tests.csproj", "{FA3A0E9E-F13E-41E9-B3BD-2F264D4EEDE6}"
EndProject
Global
	GlobalSection(SolutionConfigurationPlatforms) = preSolution
		Debug|Any CPU = Debug|Any CPU
		Release|Any CPU = Release|Any CPU
	EndGlobalSection
	GlobalSection(ProjectConfigurationPlatforms) = postSolution
		{BC76FDFF-A14F-458E-8929-05453478D202}.Debug|Any CPU.ActiveCfg = Debug|Any CPU
		{BC76FDFF-A14F-458E-8929-05453478D202}.Debug|Any CPU.Build.0 = Debug|Any CPU
		{BC76FDFF-A14F-458E-8929-05453478D202}.Release|Any CPU.ActiveCfg = Release|Any CPU
		{BC76FDFF-A14F-458E-8929-05453478D202}.Release|Any CPU.Build.0 = Release|Any CPU
		{FA3A0E9E-F13E-41E9-B3BD-2F264D4EEDE6}.Debug|Any CPU.ActiveCfg = Debug|Any CPU
		{FA3A0E9E-F13E-41E9-B3BD-2F264D4EEDE6}.Debug|Any CPU.Build.0 = Debug|Any CPU
		{FA3A0E9E-F13E-41E9-B3BD-2F264D4EEDE6}.Release|Any CPU.ActiveCfg = Release|Any CPU
		{FA3A0E9E-F13E-41E9-B3BD-2F264D4EEDE6}.Release|Any CPU.Build.0 = Release|Any CPU
	EndGlobalSection
	GlobalSection(SolutionProperties) = preSolution
		HideSolutionNode = FALSE
	EndGlobalSection
	GlobalSection(ExtensibilityGlobals) = postSolution
		SolutionGuid = {47B34968-55D5-4FF2-B63F-538651A1837F}
	EndGlobalSection
EndGlobal
